
Microsoft Visual Studio Solution File, Format Version 12.00
# Visual Studio 15
VisualStudioVersion = 15.0.27508.1
MinimumVisualStudioVersion = 10.0.40219.1
Project("{9A19103F-16F7-4668-BE54-9A1E7A4F7556}") = "MilestoneTracker", "src\MilestoneTracker\MilestoneTracker.csproj", "{4D1BCD14-867A-4DD2-A30D-0EA8C1CBFFAF}"
EndProject
Project("{2150E333-8FDC-42A3-9474-1A3956D46DE8}") = "src", "src", "{A30E7D8F-AF6D-4140-9E12-C9F7DED9FBF8}"
EndProject
Project("{9A19103F-16F7-4668-BE54-9A1E7A4F7556}") = "GitHubMilestoneEstimator", "src\GitHubMilestoneEstimator\GitHubMilestoneEstimator.csproj", "{AE569D9B-095C-4329-876E-4C3926D4A6F1}"
EndProject
Project("{2150E333-8FDC-42A3-9474-1A3956D46DE8}") = "resources", "resources", "{03EDF96B-C348-447F-B127-42C6FE47A6B5}"
	ProjectSection(SolutionItems) = preProject
		README.md = README.md
	EndProjectSection
EndProject
Project("{9A19103F-16F7-4668-BE54-9A1E7A4F7556}") = "MilestoneTracker.Contracts", "src\GitHubMilestoneTracker.Contracts\MilestoneTracker.Contracts.csproj", "{08BCAC7D-17EE-47B2-A50F-B1175A0F54B7}"
EndProject
Project("{9A19103F-16F7-4668-BE54-9A1E7A4F7556}") = "MilestoneTracker.DataManagement.Teams", "src\MIlestoneTracker.FileBasedTeamStore\MilestoneTracker.DataManagement.Teams.csproj", "{24913B96-BA51-4777-9963-77082447F083}"
EndProject
Project("{9A19103F-16F7-4668-BE54-9A1E7A4F7556}") = "MT.DataManagement.Teams.AzureSql", "src\MT.DataManagement.Teams.AzureSql\MT.DataManagement.Teams.AzureSql.csproj", "{1A449BDE-2CA7-4288-9DAE-9A6934F5C16B}"
EndProject
Project("{FAE04EC0-301F-11D3-BF4B-00C04F79EFBC}") = "RepoAnalytics.WebClient", "src\RepoAnalytics.WebClient\RepoAnalytics.WebClient.csproj", "{B959A9A0-FD53-452E-ADB9-F70628245FE9}"
EndProject
Global
	GlobalSection(SolutionConfigurationPlatforms) = preSolution
		Debug|Any CPU = Debug|Any CPU
		Release|Any CPU = Release|Any CPU
	EndGlobalSection
	GlobalSection(ProjectConfigurationPlatforms) = postSolution
		{4D1BCD14-867A-4DD2-A30D-0EA8C1CBFFAF}.Debug|Any CPU.ActiveCfg = Debug|Any CPU
		{4D1BCD14-867A-4DD2-A30D-0EA8C1CBFFAF}.Debug|Any CPU.Build.0 = Debug|Any CPU
		{4D1BCD14-867A-4DD2-A30D-0EA8C1CBFFAF}.Release|Any CPU.ActiveCfg = Release|Any CPU
		{4D1BCD14-867A-4DD2-A30D-0EA8C1CBFFAF}.Release|Any CPU.Build.0 = Release|Any CPU
		{AE569D9B-095C-4329-876E-4C3926D4A6F1}.Debug|Any CPU.ActiveCfg = Debug|Any CPU
		{AE569D9B-095C-4329-876E-4C3926D4A6F1}.Debug|Any CPU.Build.0 = Debug|Any CPU
		{AE569D9B-095C-4329-876E-4C3926D4A6F1}.Release|Any CPU.ActiveCfg = Release|Any CPU
		{AE569D9B-095C-4329-876E-4C3926D4A6F1}.Release|Any CPU.Build.0 = Release|Any CPU
		{08BCAC7D-17EE-47B2-A50F-B1175A0F54B7}.Debug|Any CPU.ActiveCfg = Debug|Any CPU
		{08BCAC7D-17EE-47B2-A50F-B1175A0F54B7}.Debug|Any CPU.Build.0 = Debug|Any CPU
		{08BCAC7D-17EE-47B2-A50F-B1175A0F54B7}.Release|Any CPU.ActiveCfg = Release|Any CPU
		{08BCAC7D-17EE-47B2-A50F-B1175A0F54B7}.Release|Any CPU.Build.0 = Release|Any CPU
		{24913B96-BA51-4777-9963-77082447F083}.Debug|Any CPU.ActiveCfg = Debug|Any CPU
		{24913B96-BA51-4777-9963-77082447F083}.Debug|Any CPU.Build.0 = Debug|Any CPU
		{24913B96-BA51-4777-9963-77082447F083}.Release|Any CPU.ActiveCfg = Release|Any CPU
		{24913B96-BA51-4777-9963-77082447F083}.Release|Any CPU.Build.0 = Release|Any CPU
		{1A449BDE-2CA7-4288-9DAE-9A6934F5C16B}.Debug|Any CPU.ActiveCfg = Debug|Any CPU
		{1A449BDE-2CA7-4288-9DAE-9A6934F5C16B}.Debug|Any CPU.Build.0 = Debug|Any CPU
		{1A449BDE-2CA7-4288-9DAE-9A6934F5C16B}.Release|Any CPU.ActiveCfg = Release|Any CPU
		{1A449BDE-2CA7-4288-9DAE-9A6934F5C16B}.Release|Any CPU.Build.0 = Release|Any CPU
		{B959A9A0-FD53-452E-ADB9-F70628245FE9}.Debug|Any CPU.ActiveCfg = Debug|Any CPU
		{B959A9A0-FD53-452E-ADB9-F70628245FE9}.Debug|Any CPU.Build.0 = Debug|Any CPU
		{B959A9A0-FD53-452E-ADB9-F70628245FE9}.Release|Any CPU.ActiveCfg = Release|Any CPU
		{B959A9A0-FD53-452E-ADB9-F70628245FE9}.Release|Any CPU.Build.0 = Release|Any CPU
	EndGlobalSection
	GlobalSection(SolutionProperties) = preSolution
		HideSolutionNode = FALSE
	EndGlobalSection
	GlobalSection(NestedProjects) = preSolution
		{4D1BCD14-867A-4DD2-A30D-0EA8C1CBFFAF} = {A30E7D8F-AF6D-4140-9E12-C9F7DED9FBF8}
		{AE569D9B-095C-4329-876E-4C3926D4A6F1} = {A30E7D8F-AF6D-4140-9E12-C9F7DED9FBF8}
		{08BCAC7D-17EE-47B2-A50F-B1175A0F54B7} = {A30E7D8F-AF6D-4140-9E12-C9F7DED9FBF8}
		{24913B96-BA51-4777-9963-77082447F083} = {A30E7D8F-AF6D-4140-9E12-C9F7DED9FBF8}
		{1A449BDE-2CA7-4288-9DAE-9A6934F5C16B} = {A30E7D8F-AF6D-4140-9E12-C9F7DED9FBF8}
		{B959A9A0-FD53-452E-ADB9-F70628245FE9} = {A30E7D8F-AF6D-4140-9E12-C9F7DED9FBF8}
	EndGlobalSection
	GlobalSection(ExtensibilityGlobals) = postSolution
		SolutionGuid = {76A04873-24F9-4796-A1AB-FB687405C851}
	EndGlobalSection
EndGlobal
